
Microsoft Visual Studio Solution File, Format Version 12.00
# Visual Studio Version 17
VisualStudioVersion = 17.0.31903.59
MinimumVisualStudioVersion = 10.0.40219.1
Project("{2150E333-8FDC-42A3-9474-1A3956D46DE8}") = "src", "src", "{827E0CD3-B72D-47B6-A68D-7590B98EB39B}"
EndProject
Project("{FAE04EC0-301F-11D3-BF4B-00C04F79EFBC}") = "ServiceOps.Api", "src\ServiceOps.Api\ServiceOps.Api.csproj", "{B7D2BB72-4A7D-45F9-B2FF-96BCA6F3901D}"
EndProject
Project("{FAE04EC0-301F-11D3-BF4B-00C04F79EFBC}") = "ServiceOps.Domain", "src\ServiceOps.Domain\ServiceOps.Domain.csproj", "{4EA8E58D-78B5-423E-88A8-0C7370E04390}"
EndProject
Project("{2150E333-8FDC-42A3-9474-1A3956D46DE8}") = "tests", "tests", "{0AB3BF05-4346-4AA6-1389-037BE0695223}"
EndProject
Project("{FAE04EC0-301F-11D3-BF4B-00C04F79EFBC}") = "ServiceOps.Api.IntegrationTests", "tests\ServiceOps.Api.IntegrationTests\ServiceOps.Api.IntegrationTests.csproj", "{9FFD15A0-61A7-4AC2-B797-8AADD10E310B}"
EndProject
Global
	GlobalSection(SolutionConfigurationPlatforms) = preSolution
		Debug|Any CPU = Debug|Any CPU
		Debug|x64 = Debug|x64
		Debug|x86 = Debug|x86
		Release|Any CPU = Release|Any CPU
		Release|x64 = Release|x64
		Release|x86 = Release|x86
	EndGlobalSection
	GlobalSection(ProjectConfigurationPlatforms) = postSolution
		{B7D2BB72-4A7D-45F9-B2FF-96BCA6F3901D}.Debug|Any CPU.ActiveCfg = Debug|Any CPU
		{B7D2BB72-4A7D-45F9-B2FF-96BCA6F3901D}.Debug|Any CPU.Build.0 = Debug|Any CPU
		{B7D2BB72-4A7D-45F9-B2FF-96BCA6F3901D}.Debug|x64.ActiveCfg = Debug|Any CPU
		{B7D2BB72-4A7D-45F9-B2FF-96BCA6F3901D}.Debug|x64.Build.0 = Debug|Any CPU
		{B7D2BB72-4A7D-45F9-B2FF-96BCA6F3901D}.Debug|x86.ActiveCfg = Debug|Any CPU
		{B7D2BB72-4A7D-45F9-B2FF-96BCA6F3901D}.Debug|x86.Build.0 = Debug|Any CPU
		{B7D2BB72-4A7D-45F9-B2FF-96BCA6F3901D}.Release|Any CPU.ActiveCfg = Release|Any CPU
		{B7D2BB72-4A7D-45F9-B2FF-96BCA6F3901D}.Release|Any CPU.Build.0 = Release|Any CPU
		{B7D2BB72-4A7D-45F9-B2FF-96BCA6F3901D}.Release|x64.ActiveCfg = Release|Any CPU
		{B7D2BB72-4A7D-45F9-B2FF-96BCA6F3901D}.Release|x64.Build.0 = Release|Any CPU
		{B7D2BB72-4A7D-45F9-B2FF-96BCA6F3901D}.Release|x86.ActiveCfg = Release|Any CPU
		{B7D2BB72-4A7D-45F9-B2FF-96BCA6F3901D}.Release|x86.Build.0 = Release|Any CPU
		{4EA8E58D-78B5-423E-88A8-0C7370E04390}.Debug|Any CPU.ActiveCfg = Debug|Any CPU
		{4EA8E58D-78B5-423E-88A8-0C7370E04390}.Debug|Any CPU.Build.0 = Debug|Any CPU
		{4EA8E58D-78B5-423E-88A8-0C7370E04390}.Debug|x64.ActiveCfg = Debug|Any CPU
		{4EA8E58D-78B5-423E-88A8-0C7370E04390}.Debug|x64.Build.0 = Debug|Any CPU
		{4EA8E58D-78B5-423E-88A8-0C7370E04390}.Debug|x86.ActiveCfg = Debug|Any CPU
		{4EA8E58D-78B5-423E-88A8-0C7370E04390}.Debug|x86.Build.0 = Debug|Any CPU
		{4EA8E58D-78B5-423E-88A8-0C7370E04390}.Release|Any CPU.ActiveCfg = Release|Any CPU
		{4EA8E58D-78B5-423E-88A8-0C7370E04390}.Release|Any CPU.Build.0 = Release|Any CPU
		{4EA8E58D-78B5-423E-88A8-0C7370E04390}.Release|x64.ActiveCfg = Release|Any CPU
		{4EA8E58D-78B5-423E-88A8-0C7370E04390}.Release|x64.Build.0 = Release|Any CPU
		{4EA8E58D-78B5-423E-88A8-0C7370E04390}.Release|x86.ActiveCfg = Release|Any CPU
		{4EA8E58D-78B5-423E-88A8-0C7370E04390}.Release|x86.Build.0 = Release|Any CPU
		{9FFD15A0-61A7-4AC2-B797-8AADD10E310B}.Debug|Any CPU.ActiveCfg = Debug|Any CPU
		{9FFD15A0-61A7-4AC2-B797-8AADD10E310B}.Debug|Any CPU.Build.0 = Debug|Any CPU
		{9FFD15A0-61A7-4AC2-B797-8AADD10E310B}.Debug|x64.ActiveCfg = Debug|Any CPU
		{9FFD15A0-61A7-4AC2-B797-8AADD10E310B}.Debug|x64.Build.0 = Debug|Any CPU
		{9FFD15A0-61A7-4AC2-B797-8AADD10E310B}.Debug|x86.ActiveCfg = Debug|Any CPU
		{9FFD15A0-61A7-4AC2-B797-8AADD10E310B}.Debug|x86.Build.0 = Debug|Any CPU
		{9FFD15A0-61A7-4AC2-B797-8AADD10E310B}.Release|Any CPU.ActiveCfg = Release|Any CPU
		{9FFD15A0-61A7-4AC2-B797-8AADD10E310B}.Release|Any CPU.Build.0 = Release|Any CPU
		{9FFD15A0-61A7-4AC2-B797-8AADD10E310B}.Release|x64.ActiveCfg = Release|Any CPU
		{9FFD15A0-61A7-4AC2-B797-8AADD10E310B}.Release|x64.Build.0 = Release|Any CPU
		{9FFD15A0-61A7-4AC2-B797-8AADD10E310B}.Release|x86.ActiveCfg = Release|Any CPU
		{9FFD15A0-61A7-4AC2-B797-8AADD10E310B}.Release|x86.Build.0 = Release|Any CPU
	EndGlobalSection
	GlobalSection(SolutionProperties) = preSolution
		HideSolutionNode = FALSE
	EndGlobalSection
	GlobalSection(NestedProjects) = preSolution
		{B7D2BB72-4A7D-45F9-B2FF-96BCA6F3901D} = {827E0CD3-B72D-47B6-A68D-7590B98EB39B}
		{4EA8E58D-78B5-423E-88A8-0C7370E04390} = {827E0CD3-B72D-47B6-A68D-7590B98EB39B}
		{9FFD15A0-61A7-4AC2-B797-8AADD10E310B} = {0AB3BF05-4346-4AA6-1389-037BE0695223}
	EndGlobalSection
EndGlobal
